
Microsoft Visual Studio Solution File, Format Version 12.00
# Visual Studio Version 17
VisualStudioVersion = 17.10.35027.167
MinimumVisualStudioVersion = 10.0.40219.1
Project("{FAE04EC0-301F-11D3-BF4B-00C04F79EFBC}") = "Darbuotojai", "Darbuotojai.csproj", "{3AF89BA0-E87B-40DE-9218-2A3B07B107A2}"
EndProject
Global
	GlobalSection(SolutionConfigurationPlatforms) = preSolution
		Debug|Any CPU = Debug|Any CPU
		Release|Any CPU = Release|Any CPU
	EndGlobalSection
	GlobalSection(ProjectConfigurationPlatforms) = postSolution
		{3AF89BA0-E87B-40DE-9218-2A3B07B107A2}.Debug|Any CPU.ActiveCfg = Debug|Any CPU
		{3AF89BA0-E87B-40DE-9218-2A3B07B107A2}.Debug|Any CPU.Build.0 = Debug|Any CPU
		{3AF89BA0-E87B-40DE-9218-2A3B07B107A2}.Release|Any CPU.ActiveCfg = Release|Any CPU
		{3AF89BA0-E87B-40DE-9218-2A3B07B107A2}.Release|Any CPU.Build.0 = Release|Any CPU
	EndGlobalSection
	GlobalSection(SolutionProperties) = preSolution
		HideSolutionNode = FALSE
	EndGlobalSection
	GlobalSection(ExtensibilityGlobals) = postSolution
		SolutionGuid = {7309C147-48FB-4FFF-BC54-CC0B29A55BFB}
	EndGlobalSection
EndGlobal
